
Microsoft Visual Studio Solution File, Format Version 12.00
# Visual Studio Version 17
VisualStudioVersion = 17.13.36105.23 d17.13
MinimumVisualStudioVersion = 10.0.40219.1
Project("{FAE04EC0-301F-11D3-BF4B-00C04F79EFBC}") = "EmbroideryWorkerManagement", "EmbroideryWorkerManagement\EmbroideryWorkerManagement.csproj", "{4A7496A6-4FFC-4BE8-AAB3-C775D0CA3F98}"
EndProject
Global
	GlobalSection(SolutionConfigurationPlatforms) = preSolution
		Debug|Any CPU = Debug|Any CPU
		Release|Any CPU = Release|Any CPU
	EndGlobalSection
	GlobalSection(ProjectConfigurationPlatforms) = postSolution
		{4A7496A6-4FFC-4BE8-AAB3-C775D0CA3F98}.Debug|Any CPU.ActiveCfg = Debug|Any CPU
		{4A7496A6-4FFC-4BE8-AAB3-C775D0CA3F98}.Debug|Any CPU.Build.0 = Debug|Any CPU
		{4A7496A6-4FFC-4BE8-AAB3-C775D0CA3F98}.Release|Any CPU.ActiveCfg = Release|Any CPU
		{4A7496A6-4FFC-4BE8-AAB3-C775D0CA3F98}.Release|Any CPU.Build.0 = Release|Any CPU
	EndGlobalSection
	GlobalSection(SolutionProperties) = preSolution
		HideSolutionNode = FALSE
	EndGlobalSection
	GlobalSection(ExtensibilityGlobals) = postSolution
		SolutionGuid = {488FB1F8-78AF-4608-ADE6-4A1B5C1FD12E}
	EndGlobalSection
EndGlobal
